
Microsoft Visual Studio Solution File, Format Version 12.00
# Visual Studio Version 16
VisualStudioVersion = 16.0.31112.23
MinimumVisualStudioVersion = 10.0.40219.1
Project("{FAE04EC0-301F-11D3-BF4B-00C04F79EFBC}") = "BS.Mvc.GitExercise", "BS.Mvc.GitExercise\BS.Mvc.GitExercise.csproj", "{D0055EF6-04A1-435B-B4BD-F09B892B2ADB}"
EndProject
Global
	GlobalSection(SolutionConfigurationPlatforms) = preSolution
		Debug|Any CPU = Debug|Any CPU
		Release|Any CPU = Release|Any CPU
	EndGlobalSection
	GlobalSection(ProjectConfigurationPlatforms) = postSolution
		{D0055EF6-04A1-435B-B4BD-F09B892B2ADB}.Debug|Any CPU.ActiveCfg = Debug|Any CPU
		{D0055EF6-04A1-435B-B4BD-F09B892B2ADB}.Debug|Any CPU.Build.0 = Debug|Any CPU
		{D0055EF6-04A1-435B-B4BD-F09B892B2ADB}.Release|Any CPU.ActiveCfg = Release|Any CPU
		{D0055EF6-04A1-435B-B4BD-F09B892B2ADB}.Release|Any CPU.Build.0 = Release|Any CPU
	EndGlobalSection
	GlobalSection(SolutionProperties) = preSolution
		HideSolutionNode = FALSE
	EndGlobalSection
	GlobalSection(ExtensibilityGlobals) = postSolution
		SolutionGuid = {1BC0D6A4-796F-49E2-893D-FD16E1F0C3EF}
	EndGlobalSection
EndGlobal
